
Microsoft Visual Studio Solution File, Format Version 12.00
# Visual Studio Version 17
VisualStudioVersion = 17.4.33205.214
MinimumVisualStudioVersion = 10.0.40219.1
Project("{9A19103F-16F7-4668-BE54-9A1E7A4F7556}") = "TravelAgency", "ConsoleApp1\TravelAgency.csproj", "{DB04ACDF-5642-4DD1-B6B5-3018C400A494}"
EndProject
Project("{9A19103F-16F7-4668-BE54-9A1E7A4F7556}") = "Quiz", "..\zima_2022_quiz_zaoczne_5\Quiz\Quiz\Quiz.csproj", "{C7DB2F0E-DA27-4B04-A440-9209D04A4CAF}"
EndProject
Project("{FAE04EC0-301F-11D3-BF4B-00C04F79EFBC}") = "Biuro", "..\zima_2022_quiz_zaoczne_5\Quiz\Biuro\Biuro.csproj", "{7B3AFE03-9615-47DC-BB05-8CBA5DD0A550}"
EndProject
Global
	GlobalSection(SolutionConfigurationPlatforms) = preSolution
		Debug|Any CPU = Debug|Any CPU
		Release|Any CPU = Release|Any CPU
	EndGlobalSection
	GlobalSection(ProjectConfigurationPlatforms) = postSolution
		{DB04ACDF-5642-4DD1-B6B5-3018C400A494}.Debug|Any CPU.ActiveCfg = Debug|Any CPU
		{DB04ACDF-5642-4DD1-B6B5-3018C400A494}.Debug|Any CPU.Build.0 = Debug|Any CPU
		{DB04ACDF-5642-4DD1-B6B5-3018C400A494}.Release|Any CPU.ActiveCfg = Release|Any CPU
		{DB04ACDF-5642-4DD1-B6B5-3018C400A494}.Release|Any CPU.Build.0 = Release|Any CPU
		{C7DB2F0E-DA27-4B04-A440-9209D04A4CAF}.Debug|Any CPU.ActiveCfg = Debug|Any CPU
		{C7DB2F0E-DA27-4B04-A440-9209D04A4CAF}.Debug|Any CPU.Build.0 = Debug|Any CPU
		{C7DB2F0E-DA27-4B04-A440-9209D04A4CAF}.Release|Any CPU.ActiveCfg = Release|Any CPU
		{C7DB2F0E-DA27-4B04-A440-9209D04A4CAF}.Release|Any CPU.Build.0 = Release|Any CPU
		{7B3AFE03-9615-47DC-BB05-8CBA5DD0A550}.Debug|Any CPU.ActiveCfg = Debug|Any CPU
		{7B3AFE03-9615-47DC-BB05-8CBA5DD0A550}.Debug|Any CPU.Build.0 = Debug|Any CPU
		{7B3AFE03-9615-47DC-BB05-8CBA5DD0A550}.Release|Any CPU.ActiveCfg = Release|Any CPU
		{7B3AFE03-9615-47DC-BB05-8CBA5DD0A550}.Release|Any CPU.Build.0 = Release|Any CPU
	EndGlobalSection
	GlobalSection(SolutionProperties) = preSolution
		HideSolutionNode = FALSE
	EndGlobalSection
	GlobalSection(ExtensibilityGlobals) = postSolution
		SolutionGuid = {091B8416-0334-4165-9DC1-5A01379E97E2}
	EndGlobalSection
EndGlobal
